<?xml version="1.0" encoding="utf-8"?>
<Project ToolsVersion="4.0" xmlns="http://schemas.microsoft.com/developer/msbuild/2003">
  <ItemGroup>
    <Filter Include="源文件">
      <UniqueIdentifier>{4FC737F1-C7A5-4376-A066-2A32D752A2FF}</UniqueIdentifier>
      <Extensions>cpp;c;cc;cxx;def;odl;idl;hpj;bat;asm;asmx</Extensions>
    </Filter>
    <Filter Include="头文件">
      <UniqueIdentifier>{93995380-89BD-4b04-88EB-625FBE52EBFB}</UniqueIdentifier>
      <Extensions>h;hpp;hxx;hm;inl;inc;xsd</Extensions>
    </Filter>
    <Filter Include="资源文件">
      <UniqueIdentifier>{67DA6AB6-F800-4c08-8B7A-83BB121AAD01}</UniqueIdentifier>
      <Extensions>rc;ico;cur;bmp;dlg;rc2;rct;bin;rgs;gif;jpg;jpeg;jpe;resx;tiff;tif;png;wav;mfcribbon-ms</Extensions>
    </Filter>
  </ItemGroup>
  <ItemGroup>
    <ClCompile Include="..\densecrf_mex.cpp">
      <Filter>源文件</Filter>
    </ClCompile>
    <ClCompile Include="..\TRW_S-v1.3\example.cpp">
      <Filter>源文件</Filter>
    </ClCompile>
    <ClCompile Include="..\TRW_S-v1.3\minimize.cpp">
      <Filter>源文件</Filter>
    </ClCompile>
    <ClCompile Include="..\TRW_S-v1.3\MRFEnergy.cpp">
      <Filter>源文件</Filter>
    </ClCompile>
    <ClCompile Include="..\TRW_S-v1.3\ordering.cpp">
      <Filter>源文件</Filter>
    </ClCompile>
    <ClCompile Include="..\TRW_S-v1.3\treeProbabilities.cpp">
      <Filter>源文件</Filter>
    </ClCompile>
    <ClCompile Include="..\probImage\probimage.cpp">
      <Filter>源文件</Filter>
    </ClCompile>
    <ClCompile Include="..\maxflow-v3.03.src\graph.cpp">
      <Filter>源文件</Filter>
    </ClCompile>
    <ClCompile Include="..\maxflow-v3.03.src\maxflow.cpp">
      <Filter>源文件</Filter>
    </ClCompile>
    <ClCompile Include="src\densecrf.cpp">
      <Filter>源文件</Filter>
    </ClCompile>
    <ClCompile Include="src\labelcompatibility.cpp">
      <Filter>源文件</Filter>
    </ClCompile>
    <ClCompile Include="src\objective.cpp">
      <Filter>源文件</Filter>
    </ClCompile>
    <ClCompile Include="src\optimization.cpp">
      <Filter>源文件</Filter>
    </ClCompile>
    <ClCompile Include="src\pairwise.cpp">
      <Filter>源文件</Filter>
    </ClCompile>
    <ClCompile Include="src\permutohedral.cpp">
      <Filter>源文件</Filter>
    </ClCompile>
    <ClCompile Include="src\unary.cpp">
      <Filter>源文件</Filter>
    </ClCompile>
    <ClCompile Include="src\util.cpp">
      <Filter>源文件</Filter>
    </ClCompile>
    <ClCompile Include="external\liblbfgs\lib\lbfgs.c">
      <Filter>源文件</Filter>
    </ClCompile>
    <ClCompile Include="external\liblbfgs\lib\lbfgs.cpp">
      <Filter>源文件</Filter>
    </ClCompile>
  </ItemGroup>
  <ItemGroup>
    <ClInclude Include="..\solvers.h">
      <Filter>头文件</Filter>
    </ClInclude>
    <ClInclude Include="..\mexutils.h">
      <Filter>头文件</Filter>
    </ClInclude>
    <ClInclude Include="..\meanfield.h">
      <Filter>头文件</Filter>
    </ClInclude>
    <ClInclude Include="..\extendedDenseCRF2D.h">
      <Filter>头文件</Filter>
    </ClInclude>
    <ClInclude Include="..\cppmatrix.h">
      <Filter>头文件</Filter>
    </ClInclude>
    <ClInclude Include="external\liblbfgs\include\lbfgs.h">
      <Filter>头文件</Filter>
    </ClInclude>
  </ItemGroup>
</Project>